
Microsoft Visual Studio Solution File, Format Version 12.00
# Visual Studio 15
VisualStudioVersion = 15.0.28307.1705
MinimumVisualStudioVersion = 10.0.40219.1
Project("{FAE04EC0-301F-11D3-BF4B-00C04F79EFBC}") = "filtroDevExpress", "filtroDevExpress\filtroDevExpress.csproj", "{4372E536-6BE7-49DA-BEA2-B2F340495833}"
EndProject
Global
	GlobalSection(SolutionConfigurationPlatforms) = preSolution
		Debug|Any CPU = Debug|Any CPU
		Release|Any CPU = Release|Any CPU
	EndGlobalSection
	GlobalSection(ProjectConfigurationPlatforms) = postSolution
		{4372E536-6BE7-49DA-BEA2-B2F340495833}.Debug|Any CPU.ActiveCfg = Debug|Any CPU
		{4372E536-6BE7-49DA-BEA2-B2F340495833}.Debug|Any CPU.Build.0 = Debug|Any CPU
		{4372E536-6BE7-49DA-BEA2-B2F340495833}.Release|Any CPU.ActiveCfg = Release|Any CPU
		{4372E536-6BE7-49DA-BEA2-B2F340495833}.Release|Any CPU.Build.0 = Release|Any CPU
	EndGlobalSection
	GlobalSection(SolutionProperties) = preSolution
		HideSolutionNode = FALSE
	EndGlobalSection
	GlobalSection(ExtensibilityGlobals) = postSolution
		SolutionGuid = {725C45DA-9476-4F4F-98DA-3C206EA55F4B}
	EndGlobalSection
EndGlobal
